
Microsoft Visual Studio Solution File, Format Version 12.00
# Visual Studio Version 17
VisualStudioVersion = 17.6.33829.357
MinimumVisualStudioVersion = 10.0.40219.1
Project("{FAE04EC0-301F-11D3-BF4B-00C04F79EFBC}") = "task3.2", "task3.2\task3.2.csproj", "{806EC170-ECE5-4D0D-B5A9-6EC7BABCF7B6}"
EndProject
Global
	GlobalSection(SolutionConfigurationPlatforms) = preSolution
		Debug|Any CPU = Debug|Any CPU
		Release|Any CPU = Release|Any CPU
	EndGlobalSection
	GlobalSection(ProjectConfigurationPlatforms) = postSolution
		{806EC170-ECE5-4D0D-B5A9-6EC7BABCF7B6}.Debug|Any CPU.ActiveCfg = Debug|Any CPU
		{806EC170-ECE5-4D0D-B5A9-6EC7BABCF7B6}.Debug|Any CPU.Build.0 = Debug|Any CPU
		{806EC170-ECE5-4D0D-B5A9-6EC7BABCF7B6}.Release|Any CPU.ActiveCfg = Release|Any CPU
		{806EC170-ECE5-4D0D-B5A9-6EC7BABCF7B6}.Release|Any CPU.Build.0 = Release|Any CPU
	EndGlobalSection
	GlobalSection(SolutionProperties) = preSolution
		HideSolutionNode = FALSE
	EndGlobalSection
	GlobalSection(ExtensibilityGlobals) = postSolution
		SolutionGuid = {9AD992A3-BD84-4847-A543-ADDA8B3A83A7}
	EndGlobalSection
EndGlobal
