
Microsoft Visual Studio Solution File, Format Version 12.00
# Visual Studio Version 17
VisualStudioVersion = 17.6.33829.357
MinimumVisualStudioVersion = 10.0.40219.1
Project("{FAE04EC0-301F-11D3-BF4B-00C04F79EFBC}") = "task3.3", "task3.3\task3.3.csproj", "{6CA2C45B-3BE7-4E84-8BD1-A2DCB6B18041}"
EndProject
Global
	GlobalSection(SolutionConfigurationPlatforms) = preSolution
		Debug|Any CPU = Debug|Any CPU
		Release|Any CPU = Release|Any CPU
	EndGlobalSection
	GlobalSection(ProjectConfigurationPlatforms) = postSolution
		{6CA2C45B-3BE7-4E84-8BD1-A2DCB6B18041}.Debug|Any CPU.ActiveCfg = Debug|Any CPU
		{6CA2C45B-3BE7-4E84-8BD1-A2DCB6B18041}.Debug|Any CPU.Build.0 = Debug|Any CPU
		{6CA2C45B-3BE7-4E84-8BD1-A2DCB6B18041}.Release|Any CPU.ActiveCfg = Release|Any CPU
		{6CA2C45B-3BE7-4E84-8BD1-A2DCB6B18041}.Release|Any CPU.Build.0 = Release|Any CPU
	EndGlobalSection
	GlobalSection(SolutionProperties) = preSolution
		HideSolutionNode = FALSE
	EndGlobalSection
	GlobalSection(ExtensibilityGlobals) = postSolution
		SolutionGuid = {2483E12F-8592-4A16-92F7-7560726B5B85}
	EndGlobalSection
EndGlobal
